
Microsoft Visual Studio Solution File, Format Version 12.00
# Visual Studio 15
VisualStudioVersion = 15.0.27130.2024
MinimumVisualStudioVersion = 10.0.40219.1
Project("{FAE04EC0-301F-11D3-BF4B-00C04F79EFBC}") = "Calc", "Calc\Calc.csproj", "{1E1A4650-55C8-4645-A199-86F05FEFBD94}"
EndProject
Global
	GlobalSection(SolutionConfigurationPlatforms) = preSolution
		Debug|Any CPU = Debug|Any CPU
		Release|Any CPU = Release|Any CPU
	EndGlobalSection
	GlobalSection(ProjectConfigurationPlatforms) = postSolution
		{1E1A4650-55C8-4645-A199-86F05FEFBD94}.Debug|Any CPU.ActiveCfg = Debug|Any CPU
		{1E1A4650-55C8-4645-A199-86F05FEFBD94}.Debug|Any CPU.Build.0 = Debug|Any CPU
		{1E1A4650-55C8-4645-A199-86F05FEFBD94}.Release|Any CPU.ActiveCfg = Release|Any CPU
		{1E1A4650-55C8-4645-A199-86F05FEFBD94}.Release|Any CPU.Build.0 = Release|Any CPU
	EndGlobalSection
	GlobalSection(SolutionProperties) = preSolution
		HideSolutionNode = FALSE
	EndGlobalSection
	GlobalSection(ExtensibilityGlobals) = postSolution
		SolutionGuid = {69EA2C61-F426-4589-A43C-8BC981A8728A}
	EndGlobalSection
EndGlobal
